// !$*UTF8*$!
{
	archiveVersion = 1;
	classes = {
	};
	objectVersion = 46;
	objects = {

/* Begin PBXBuildFile section */
		D1B6FCA41961B9A1004DB28E /* Cocoa.framework in Frameworks */ = {isa = PBXBuildFile; fileRef = D1B6FCA31961B9A1004DB28E /* Cocoa.framework */; };
		D1B6FCAE1961B9A1004DB28E /* InfoPlist.strings in Resources */ = {isa = PBXBuildFile; fileRef = D1B6FCAC1961B9A1004DB28E /* InfoPlist.strings */; };
		D1B6FCB01961B9A1004DB28E /* main.m in Sources */ = {isa = PBXBuildFile; fileRef = D1B6FCAF1961B9A1004DB28E /* main.m */; };
		D1B6FCB41961B9A1004DB28E /* Credits.rtf in Resources */ = {isa = PBXBuildFile; fileRef = D1B6FCB21961B9A1004DB28E /* Credits.rtf */; };
		D1B6FCB71961B9A1004DB28E /* MyDocument.m in Sources */ = {isa = PBXBuildFile; fileRef = D1B6FCB61961B9A1004DB28E /* MyDocument.m */; };
		D1B6FCBA1961B9A1004DB28E /* MyDocument.xib in Resources */ = {isa = PBXBuildFile; fileRef = D1B6FCB81961B9A1004DB28E /* MyDocument.xib */; };
		D1B6FCBD1961B9A1004DB28E /* MainMenu.xib in Resources */ = {isa = PBXBuildFile; fileRef = D1B6FCBB1961B9A1004DB28E /* MainMenu.xib */; };
		D1B6FCC01961B9A1004DB28E /* MyDocument.xcdatamodeld in Sources */ = {isa = PBXBuildFile; fileRef = D1B6FCBE1961B9A1004DB28E /* MyDocument.xcdatamodeld */; };
		D1B6FCC21961B9A1004DB28E /* Images.xcassets in Resources */ = {isa = PBXBuildFile; fileRef = D1B6FCC11961B9A1004DB28E /* Images.xcassets */; };
		D1B6FCC91961B9A1004DB28E /* XCTest.framework in Frameworks */ = {isa = PBXBuildFile; fileRef = D1B6FCC81961B9A1004DB28E /* XCTest.framework */; };
		D1B6FCCA1961B9A1004DB28E /* Cocoa.framework in Frameworks */ = {isa = PBXBuildFile; fileRef = D1B6FCA31961B9A1004DB28E /* Cocoa.framework */; };
		D1B6FCD21961B9A1004DB28E /* InfoPlist.strings in Resources */ = {isa = PBXBuildFile; fileRef = D1B6FCD01961B9A1004DB28E /* InfoPlist.strings */; };
		D1B6FCD41961B9A1004DB28E /* CarLot1Tests.m in Sources */ = {isa = PBXBuildFile; fileRef = D1B6FCD31961B9A1004DB28E /* CarLot1Tests.m */; };
/* End PBXBuildFile section */

/* Begin PBXContainerItemProxy section */
		D1B6FCCB1961B9A1004DB28E /* PBXContainerItemProxy */ = {
			isa = PBXContainerItemProxy;
			containerPortal = D1B6FC981961B9A0004DB28E /* Project object */;
			proxyType = 1;
			remoteGlobalIDString = D1B6FC9F1961B9A1004DB28E;
			remoteInfo = CarLot1;
		};
/* End PBXContainerItemProxy section */

/* Begin PBXFileReference section */
		D1B6FCA01961B9A1004DB28E /* CarLot1.app */ = {isa = PBXFileReference; explicitFileType = wrapper.application; includeInIndex = 0; path = CarLot1.app; sourceTree = BUILT_PRODUCTS_DIR; };
		D1B6FCA31961B9A1004DB28E /* Cocoa.framework */ = {isa = PBXFileReference; lastKnownFileType = wrapper.framework; name = Cocoa.framework; path = System/Library/Frameworks/Cocoa.framework; sourceTree = SDKROOT; };
		D1B6FCA61961B9A1004DB28E /* AppKit.framework */ = {isa = PBXFileReference; lastKnownFileType = wrapper.framework; name = AppKit.framework; path = System/Library/Frameworks/AppKit.framework; sourceTree = SDKROOT; };
		D1B6FCA71961B9A1004DB28E /* CoreData.framework */ = {isa = PBXFileReference; lastKnownFileType = wrapper.framework; name = CoreData.framework; path = System/Library/Frameworks/CoreData.framework; sourceTree = SDKROOT; };
		D1B6FCA81961B9A1004DB28E /* Foundation.framework */ = {isa = PBXFileReference; lastKnownFileType = wrapper.framework; name = Foundation.framework; path = System/Library/Frameworks/Foundation.framework; sourceTree = SDKROOT; };
		D1B6FCAB1961B9A1004DB28E /* CarLot1-Info.plist */ = {isa = PBXFileReference; lastKnownFileType = text.plist.xml; path = "CarLot1-Info.plist"; sourceTree = "<group>"; };
		D1B6FCAD1961B9A1004DB28E /* en */ = {isa = PBXFileReference; lastKnownFileType = text.plist.strings; name = en; path = en.lproj/InfoPlist.strings; sourceTree = "<group>"; };
		D1B6FCAF1961B9A1004DB28E /* main.m */ = {isa = PBXFileReference; lastKnownFileType = sourcecode.c.objc; path = main.m; sourceTree = "<group>"; };
		D1B6FCB11961B9A1004DB28E /* CarLot1-Prefix.pch */ = {isa = PBXFileReference; lastKnownFileType = sourcecode.c.h; path = "CarLot1-Prefix.pch"; sourceTree = "<group>"; };
		D1B6FCB31961B9A1004DB28E /* en */ = {isa = PBXFileReference; lastKnownFileType = text.rtf; name = en; path = en.lproj/Credits.rtf; sourceTree = "<group>"; };
		D1B6FCB51961B9A1004DB28E /* MyDocument.h */ = {isa = PBXFileReference; lastKnownFileType = sourcecode.c.h; path = MyDocument.h; sourceTree = "<group>"; };
		D1B6FCB61961B9A1004DB28E /* MyDocument.m */ = {isa = PBXFileReference; lastKnownFileType = sourcecode.c.objc; path = MyDocument.m; sourceTree = "<group>"; };
		D1B6FCB91961B9A1004DB28E /* Base */ = {isa = PBXFileReference; lastKnownFileType = file.xib; name = Base; path = Base.lproj/MyDocument.xib; sourceTree = "<group>"; };
		D1B6FCBC1961B9A1004DB28E /* Base */ = {isa = PBXFileReference; lastKnownFileType = file.xib; name = Base; path = Base.lproj/MainMenu.xib; sourceTree = "<group>"; };
		D1B6FCBF1961B9A1004DB28E /* MyDocument.xcdatamodel */ = {isa = PBXFileReference; lastKnownFileType = wrapper.xcdatamodel; path = MyDocument.xcdatamodel; sourceTree = "<group>"; };
		D1B6FCC11961B9A1004DB28E /* Images.xcassets */ = {isa = PBXFileReference; lastKnownFileType = folder.assetcatalog; path = Images.xcassets; sourceTree = "<group>"; };
		D1B6FCC71961B9A1004DB28E /* CarLot1Tests.xctest */ = {isa = PBXFileReference; explicitFileType = wrapper.cfbundle; includeInIndex = 0; path = CarLot1Tests.xctest; sourceTree = BUILT_PRODUCTS_DIR; };
		D1B6FCC81961B9A1004DB28E /* XCTest.framework */ = {isa = PBXFileReference; lastKnownFileType = wrapper.framework; name = XCTest.framework; path = Library/Frameworks/XCTest.framework; sourceTree = DEVELOPER_DIR; };
		D1B6FCCF1961B9A1004DB28E /* CarLot1Tests-Info.plist */ = {isa = PBXFileReference; lastKnownFileType = text.plist.xml; path = "CarLot1Tests-Info.plist"; sourceTree = "<group>"; };
		D1B6FCD11961B9A1004DB28E /* en */ = {isa = PBXFileReference; lastKnownFileType = text.plist.strings; name = en; path = en.lproj/InfoPlist.strings; sourceTree = "<group>"; };
		D1B6FCD31961B9A1004DB28E /* CarLot1Tests.m */ = {isa = PBXFileReference; lastKnownFileType = sourcecode.c.objc; path = CarLot1Tests.m; sourceTree = "<group>"; };
/* End PBXFileReference section */

/* Begin PBXFrameworksBuildPhase section */
		D1B6FC9D1961B9A1004DB28E /* Frameworks */ = {
			isa = PBXFrameworksBuildPhase;
			buildActionMask = 2147483647;
			files = (
				D1B6FCA41961B9A1004DB28E /* Cocoa.framework in Frameworks */,
			);
			runOnlyForDeploymentPostprocessing = 0;
		};
		D1B6FCC41961B9A1004DB28E /* Frameworks */ = {
			isa = PBXFrameworksBuildPhase;
			buildActionMask = 2147483647;
			files = (
				D1B6FCCA1961B9A1004DB28E /* Cocoa.framework in Frameworks */,
				D1B6FCC91961B9A1004DB28E /* XCTest.framework in Frameworks */,
			);
			runOnlyForDeploymentPostprocessing = 0;
		};
/* End PBXFrameworksBuildPhase section */

/* Begin PBXGroup section */
		D1B6FC971961B9A0004DB28E = {
			isa = PBXGroup;
			children = (
				D1B6FCA91961B9A1004DB28E /* CarLot1 */,
				D1B6FCCD1961B9A1004DB28E /* CarLot1Tests */,
				D1B6FCA21961B9A1004DB28E /* Frameworks */,
				D1B6FCA11961B9A1004DB28E /* Products */,
			);
			sourceTree = "<group>";
		};
		D1B6FCA11961B9A1004DB28E /* Products */ = {
			isa = PBXGroup;
			children = (
				D1B6FCA01961B9A1004DB28E /* CarLot1.app */,
				D1B6FCC71961B9A1004DB28E /* CarLot1Tests.xctest */,
			);
			name = Products;
			sourceTree = "<group>";
		};
		D1B6FCA21961B9A1004DB28E /* Frameworks */ = {
			isa = PBXGroup;
			children = (
				D1B6FCA31961B9A1004DB28E /* Cocoa.framework */,
				D1B6FCC81961B9A1004DB28E /* XCTest.framework */,
				D1B6FCA51961B9A1004DB28E /* Other Frameworks */,
			);
			name = Frameworks;
			sourceTree = "<group>";
		};
		D1B6FCA51961B9A1004DB28E /* Other Frameworks */ = {
			isa = PBXGroup;
			children = (
				D1B6FCA61961B9A1004DB28E /* AppKit.framework */,
				D1B6FCA71961B9A1004DB28E /* CoreData.framework */,
				D1B6FCA81961B9A1004DB28E /* Foundation.framework */,
			);
			name = "Other Frameworks";
			sourceTree = "<group>";
		};
		D1B6FCA91961B9A1004DB28E /* CarLot1 */ = {
			isa = PBXGroup;
			children = (
				D1B6FCB51961B9A1004DB28E /* MyDocument.h */,
				D1B6FCB61961B9A1004DB28E /* MyDocument.m */,
				D1B6FCB81961B9A1004DB28E /* MyDocument.xib */,
				D1B6FCBB1961B9A1004DB28E /* MainMenu.xib */,
				D1B6FCC11961B9A1004DB28E /* Images.xcassets */,
				D1B6FCBE1961B9A1004DB28E /* MyDocument.xcdatamodeld */,
				D1B6FCAA1961B9A1004DB28E /* Supporting Files */,
			);
			path = CarLot1;
			sourceTree = "<group>";
		};
		D1B6FCAA1961B9A1004DB28E /* Supporting Files */ = {
			isa = PBXGroup;
			children = (
				D1B6FCAB1961B9A1004DB28E /* CarLot1-Info.plist */,
				D1B6FCAC1961B9A1004DB28E /* InfoPlist.strings */,
				D1B6FCAF1961B9A1004DB28E /* main.m */,
				D1B6FCB11961B9A1004DB28E /* CarLot1-Prefix.pch */,
				D1B6FCB21961B9A1004DB28E /* Credits.rtf */,
			);
			name = "Supporting Files";
			sourceTree = "<group>";
		};
		D1B6FCCD1961B9A1004DB28E /* CarLot1Tests */ = {
			isa = PBXGroup;
			children = (
				D1B6FCD31961B9A1004DB28E /* CarLot1Tests.m */,
				D1B6FCCE1961B9A1004DB28E /* Supporting Files */,
			);
			path = CarLot1Tests;
			sourceTree = "<group>";
		};
		D1B6FCCE1961B9A1004DB28E /* Supporting Files */ = {
			isa = PBXGroup;
			children = (
				D1B6FCCF1961B9A1004DB28E /* CarLot1Tests-Info.plist */,
				D1B6FCD01961B9A1004DB28E /* InfoPlist.strings */,
			);
			name = "Supporting Files";
			sourceTree = "<group>";
		};
/* End PBXGroup section */

/* Begin PBXNativeTarget section */
		D1B6FC9F1961B9A1004DB28E /* CarLot1 */ = {
			isa = PBXNativeTarget;
			buildConfigurationList = D1B6FCD71961B9A1004DB28E /* Build configuration list for PBXNativeTarget "CarLot1" */;
			buildPhases = (
				D1B6FC9C1961B9A1004DB28E /* Sources */,
				D1B6FC9D1961B9A1004DB28E /* Frameworks */,
				D1B6FC9E1961B9A1004DB28E /* Resources */,
			);
			buildRules = (
			);
			dependencies = (
			);
			name = CarLot1;
			productName = CarLot1;
			productReference = D1B6FCA01961B9A1004DB28E /* CarLot1.app */;
			productType = "com.apple.product-type.application";
		};
		D1B6FCC61961B9A1004DB28E /* CarLot1Tests */ = {
			isa = PBXNativeTarget;
			buildConfigurationList = D1B6FCDA1961B9A1004DB28E /* Build configuration list for PBXNativeTarget "CarLot1Tests" */;
			buildPhases = (
				D1B6FCC31961B9A1004DB28E /* Sources */,
				D1B6FCC41961B9A1004DB28E /* Frameworks */,
				D1B6FCC51961B9A1004DB28E /* Resources */,
			);
			buildRules = (
			);
			dependencies = (
				D1B6FCCC1961B9A1004DB28E /* PBXTargetDependency */,
			);
			name = CarLot1Tests;
			productName = CarLot1Tests;
			productReference = D1B6FCC71961B9A1004DB28E /* CarLot1Tests.xctest */;
			productType = "com.apple.product-type.bundle.unit-test";
		};
/* End PBXNativeTarget section */

/* Begin PBXProject section */
		D1B6FC981961B9A0004DB28E /* Project object */ = {
			isa = PBXProject;
			attributes = {
				CLASSPREFIX = My;
				LastUpgradeCheck = 0510;
				ORGANIZATIONNAME = "___FULLUSERNAME___";
				TargetAttributes = {
					D1B6FCC61961B9A1004DB28E = {
						TestTargetID = D1B6FC9F1961B9A1004DB28E;
					};
				};
			};
			buildConfigurationList = D1B6FC9B1961B9A0004DB28E /* Build configuration list for PBXProject "CarLot1" */;
			compatibilityVersion = "Xcode 3.2";
			developmentRegion = English;
			hasScannedForEncodings = 0;
			knownRegions = (
				en,
				Base,
			);
			mainGroup = D1B6FC971961B9A0004DB28E;
			productRefGroup = D1B6FCA11961B9A1004DB28E /* Products */;
			projectDirPath = "";
			projectRoot = "";
			targets = (
				D1B6FC9F1961B9A1004DB28E /* CarLot1 */,
				D1B6FCC61961B9A1004DB28E /* CarLot1Tests */,
			);
		};
/* End PBXProject section */

/* Begin PBXResourcesBuildPhase section */
		D1B6FC9E1961B9A1004DB28E /* Resources */ = {
			isa = PBXResourcesBuildPhase;
			buildActionMask = 2147483647;
			files = (
				D1B6FCBA1961B9A1004DB28E /* MyDocument.xib in Resources */,
				D1B6FCC21961B9A1004DB28E /* Images.xcassets in Resources */,
				D1B6FCAE1961B9A1004DB28E /* InfoPlist.strings in Resources */,
				D1B6FCB41961B9A1004DB28E /* Credits.rtf in Resources */,
				D1B6FCBD1961B9A1004DB28E /* MainMenu.xib in Resources */,
			);
			runOnlyForDeploymentPostprocessing = 0;
		};
		D1B6FCC51961B9A1004DB28E /* Resources */ = {
			isa = PBXResourcesBuildPhase;
			buildActionMask = 2147483647;
			files = (
				D1B6FCD21961B9A1004DB28E /* InfoPlist.strings in Resources */,
			);
			runOnlyForDeploymentPostprocessing = 0;
		};
/* End PBXResourcesBuildPhase section */

/* Begin PBXSourcesBuildPhase section */
		D1B6FC9C1961B9A1004DB28E /* Sources */ = {
			isa = PBXSourcesBuildPhase;
			buildActionMask = 2147483647;
			files = (
				D1B6FCC01961B9A1004DB28E /* MyDocument.xcdatamodeld in Sources */,
				D1B6FCB71961B9A1004DB28E /* MyDocument.m in Sources */,
				D1B6FCB01961B9A1004DB28E /* main.m in Sources */,
			);
			runOnlyForDeploymentPostprocessing = 0;
		};
		D1B6FCC31961B9A1004DB28E /* Sources */ = {
			isa = PBXSourcesBuildPhase;
			buildActionMask = 2147483647;
			files = (
				D1B6FCD41961B9A1004DB28E /* CarLot1Tests.m in Sources */,
			);
			runOnlyForDeploymentPostprocessing = 0;
		};
/* End PBXSourcesBuildPhase section */

/* Begin PBXTargetDependency section */
		D1B6FCCC1961B9A1004DB28E /* PBXTargetDependency */ = {
			isa = PBXTargetDependency;
			target = D1B6FC9F1961B9A1004DB28E /* CarLot1 */;
			targetProxy = D1B6FCCB1961B9A1004DB28E /* PBXContainerItemProxy */;
		};
/* End PBXTargetDependency section */

/* Begin PBXVariantGroup section */
		D1B6FCAC1961B9A1004DB28E /* InfoPlist.strings */ = {
			isa = PBXVariantGroup;
			children = (
				D1B6FCAD1961B9A1004DB28E /* en */,
			);
			name = InfoPlist.strings;
			sourceTree = "<group>";
		};
		D1B6FCB21961B9A1004DB28E /* Credits.rtf */ = {
			isa = PBXVariantGroup;
			children = (
				D1B6FCB31961B9A1004DB28E /* en */,
			);
			name = Credits.rtf;
			sourceTree = "<group>";
		};
		D1B6FCB81961B9A1004DB28E /* MyDocument.xib */ = {
			isa = PBXVariantGroup;
			children = (
				D1B6FCB91961B9A1004DB28E /* Base */,
			);
			name = MyDocument.xib;
			sourceTree = "<group>";
		};
		D1B6FCBB1961B9A1004DB28E /* MainMenu.xib */ = {
			isa = PBXVariantGroup;
			children = (
				D1B6FCBC1961B9A1004DB28E /* Base */,
			);
			name = MainMenu.xib;
			sourceTree = "<group>";
		};
		D1B6FCD01961B9A1004DB28E /* InfoPlist.strings */ = {
			isa = PBXVariantGroup;
			children = (
				D1B6FCD11961B9A1004DB28E /* en */,
			);
			name = InfoPlist.strings;
			sourceTree = "<group>";
		};
/* End PBXVariantGroup section */

/* Begin XCBuildConfiguration section */
		D1B6FCD51961B9A1004DB28E /* Debug */ = {
			isa = XCBuildConfiguration;
			buildSettings = {
				ALWAYS_SEARCH_USER_PATHS = NO;
				CLANG_CXX_LANGUAGE_STANDARD = "gnu++0x";
				CLANG_CXX_LIBRARY = "libc++";
				CLANG_ENABLE_MODULES = YES;
				CLANG_ENABLE_OBJC_ARC = YES;
				CLANG_WARN_BOOL_CONVERSION = YES;
				CLANG_WARN_CONSTANT_CONVERSION = YES;
				CLANG_WARN_DIRECT_OBJC_ISA_USAGE = YES_ERROR;
				CLANG_WARN_EMPTY_BODY = YES;
				CLANG_WARN_ENUM_CONVERSION = YES;
				CLANG_WARN_INT_CONVERSION = YES;
				CLANG_WARN_OBJC_ROOT_CLASS = YES_ERROR;
				CLANG_WARN__DUPLICATE_METHOD_MATCH = YES;
				COPY_PHASE_STRIP = NO;
				GCC_C_LANGUAGE_STANDARD = gnu99;
				GCC_DYNAMIC_NO_PIC = NO;
				GCC_ENABLE_OBJC_EXCEPTIONS = YES;
				GCC_OPTIMIZATION_LEVEL = 0;
				GCC_PREPROCESSOR_DEFINITIONS = (
					"DEBUG=1",
					"$(inherited)",
				);
				GCC_SYMBOLS_PRIVATE_EXTERN = NO;
				GCC_WARN_64_TO_32_BIT_CONVERSION = YES;
				GCC_WARN_ABOUT_RETURN_TYPE = YES_ERROR;
				GCC_WARN_UNDECLARED_SELECTOR = YES;
				GCC_WARN_UNINITIALIZED_AUTOS = YES_AGGRESSIVE;
				GCC_WARN_UNUSED_FUNCTION = YES;
				GCC_WARN_UNUSED_VARIABLE = YES;
				MACOSX_DEPLOYMENT_TARGET = 10.9;
				ONLY_ACTIVE_ARCH = YES;
				SDKROOT = macosx;
			};
			name = Debug;
		};
		D1B6FCD61961B9A1004DB28E /* Release */ = {
			isa = XCBuildConfiguration;
			buildSettings = {
				ALWAYS_SEARCH_USER_PATHS = NO;
				CLANG_CXX_LANGUAGE_STANDARD = "gnu++0x";
				CLANG_CXX_LIBRARY = "libc++";
				CLANG_ENABLE_MODULES = YES;
				CLANG_ENABLE_OBJC_ARC = YES;
				CLANG_WARN_BOOL_CONVERSION = YES;
				CLANG_WARN_CONSTANT_CONVERSION = YES;
				CLANG_WARN_DIRECT_OBJC_ISA_USAGE = YES_ERROR;
				CLANG_WARN_EMPTY_BODY = YES;
				CLANG_WARN_ENUM_CONVERSION = YES;
				CLANG_WARN_INT_CONVERSION = YES;
				CLANG_WARN_OBJC_ROOT_CLASS = YES_ERROR;
				CLANG_WARN__DUPLICATE_METHOD_MATCH = YES;
				COPY_PHASE_STRIP = YES;
				DEBUG_INFORMATION_FORMAT = "dwarf-with-dsym";
				ENABLE_NS_ASSERTIONS = NO;
				GCC_C_LANGUAGE_STANDARD = gnu99;
				GCC_ENABLE_OBJC_EXCEPTIONS = YES;
				GCC_WARN_64_TO_32_BIT_CONVERSION = YES;
				GCC_WARN_ABOUT_RETURN_TYPE = YES_ERROR;
				GCC_WARN_UNDECLARED_SELECTOR = YES;
				GCC_WARN_UNINITIALIZED_AUTOS = YES_AGGRESSIVE;
				GCC_WARN_UNUSED_FUNCTION = YES;
				GCC_WARN_UNUSED_VARIABLE = YES;
				MACOSX_DEPLOYMENT_TARGET = 10.9;
				SDKROOT = macosx;
			};
			name = Release;
		};
		D1B6FCD81961B9A1004DB28E /* Debug */ = {
			isa = XCBuildConfiguration;
			buildSettings = {
				ASSETCATALOG_COMPILER_APPICON_NAME = AppIcon;
				COMBINE_HIDPI_IMAGES = YES;
				GCC_PRECOMPILE_PREFIX_HEADER = YES;
				GCC_PREFIX_HEADER = "CarLot1/CarLot1-Prefix.pch";
				INFOPLIST_FILE = "CarLot1/CarLot1-Info.plist";
				PRODUCT_NAME = "$(TARGET_NAME)";
				WRAPPER_EXTENSION = app;
			};
			name = Debug;
		};
		D1B6FCD91961B9A1004DB28E /* Release */ = {
			isa = XCBuildConfiguration;
			buildSettings = {
				ASSETCATALOG_COMPILER_APPICON_NAME = AppIcon;
				COMBINE_HIDPI_IMAGES = YES;
				GCC_PRECOMPILE_PREFIX_HEADER = YES;
				GCC_PREFIX_HEADER = "CarLot1/CarLot1-Prefix.pch";
				INFOPLIST_FILE = "CarLot1/CarLot1-Info.plist";
				PRODUCT_NAME = "$(TARGET_NAME)";
				WRAPPER_EXTENSION = app;
			};
			name = Release;
		};
		D1B6FCDB1961B9A1004DB28E /* Debug */ = {
			isa = XCBuildConfiguration;
			buildSettings = {
				BUNDLE_LOADER = "$(BUILT_PRODUCTS_DIR)/CarLot1.app/Contents/MacOS/CarLot1";
				COMBINE_HIDPI_IMAGES = YES;
				FRAMEWORK_SEARCH_PATHS = (
					"$(DEVELOPER_FRAMEWORKS_DIR)",
					"$(inherited)",
				);
				GCC_PRECOMPILE_PREFIX_HEADER = YES;
				GCC_PREFIX_HEADER = "CarLot1/CarLot1-Prefix.pch";
				GCC_PREPROCESSOR_DEFINITIONS = (
					"DEBUG=1",
					"$(inherited)",
				);
				INFOPLIST_FILE = "CarLot1Tests/CarLot1Tests-Info.plist";
				PRODUCT_NAME = "$(TARGET_NAME)";
				TEST_HOST = "$(BUNDLE_LOADER)";
				WRAPPER_EXTENSION = xctest;
			};
			name = Debug;
		};
		D1B6FCDC1961B9A1004DB28E /* Release */ = {
			isa = XCBuildConfiguration;
			buildSettings = {
				BUNDLE_LOADER = "$(BUILT_PRODUCTS_DIR)/CarLot1.app/Contents/MacOS/CarLot1";
				COMBINE_HIDPI_IMAGES = YES;
				FRAMEWORK_SEARCH_PATHS = (
					"$(DEVELOPER_FRAMEWORKS_DIR)",
					"$(inherited)",
				);
				GCC_PRECOMPILE_PREFIX_HEADER = YES;
				GCC_PREFIX_HEADER = "CarLot1/CarLot1-Prefix.pch";
				INFOPLIST_FILE = "CarLot1Tests/CarLot1Tests-Info.plist";
				PRODUCT_NAME = "$(TARGET_NAME)";
				TEST_HOST = "$(BUNDLE_LOADER)";
				WRAPPER_EXTENSION = xctest;
			};
			name = Release;
		};
/* End XCBuildConfiguration section */

/* Begin XCConfigurationList section */
		D1B6FC9B1961B9A0004DB28E /* Build configuration list for PBXProject "CarLot1" */ = {
			isa = XCConfigurationList;
			buildConfigurations = (
				D1B6FCD51961B9A1004DB28E /* Debug */,
				D1B6FCD61961B9A1004DB28E /* Release */,
			);
			defaultConfigurationIsVisible = 0;
			defaultConfigurationName = Release;
		};
		D1B6FCD71961B9A1004DB28E /* Build configuration list for PBXNativeTarget "CarLot1" */ = {
			isa = XCConfigurationList;
			buildConfigurations = (
				D1B6FCD81961B9A1004DB28E /* Debug */,
				D1B6FCD91961B9A1004DB28E /* Release */,
			);
			defaultConfigurationIsVisible = 0;
		};
		D1B6FCDA1961B9A1004DB28E /* Build configuration list for PBXNativeTarget "CarLot1Tests" */ = {
			isa = XCConfigurationList;
			buildConfigurations = (
				D1B6FCDB1961B9A1004DB28E /* Debug */,
				D1B6FCDC1961B9A1004DB28E /* Release */,
			);
			defaultConfigurationIsVisible = 0;
		};
/* End XCConfigurationList section */

/* Begin XCVersionGroup section */
		D1B6FCBE1961B9A1004DB28E /* MyDocument.xcdatamodeld */ = {
			isa = XCVersionGroup;
			children = (
				D1B6FCBF1961B9A1004DB28E /* MyDocument.xcdatamodel */,
			);
			currentVersion = D1B6FCBF1961B9A1004DB28E /* MyDocument.xcdatamodel */;
			path = MyDocument.xcdatamodeld;
			sourceTree = "<group>";
			versionGroupType = wrapper.xcdatamodel;
		};
/* End XCVersionGroup section */
	};
	rootObject = D1B6FC981961B9A0004DB28E /* Project object */;
}
